// !$*UTF8*$!
{
	archiveVersion = 1;
	classes = {
	};
	objectVersion = 56;
	objects = {

/* Begin PBXBuildFile section */
		0980182B295B9EA10042E49E /* Localizable.strings in Resources */ = {isa = PBXBuildFile; fileRef = 0980182D295B9EA10042E49E /* Localizable.strings */; };
		09801833295B9F030042E49E /* Localizable.strings in Resources */ = {isa = PBXBuildFile; fileRef = 09801835295B9F030042E49E /* Localizable.strings */; };
		09BAB912293814AD009B2E1B /* AppDelegate.swift in Sources */ = {isa = PBXBuildFile; fileRef = 09BAB911293814AD009B2E1B /* AppDelegate.swift */; };
		09BAB914293814AD009B2E1B /* SceneDelegate.swift in Sources */ = {isa = PBXBuildFile; fileRef = 09BAB913293814AD009B2E1B /* SceneDelegate.swift */; };
		09BAB916293814AD009B2E1B /* ViewController.swift in Sources */ = {isa = PBXBuildFile; fileRef = 09BAB915293814AD009B2E1B /* ViewController.swift */; };
		09BAB919293814AD009B2E1B /* Main.storyboard in Resources */ = {isa = PBXBuildFile; fileRef = 09BAB917293814AD009B2E1B /* Main.storyboard */; };
		09BAB91B293814AE009B2E1B /* Assets.xcassets in Resources */ = {isa = PBXBuildFile; fileRef = 09BAB91A293814AE009B2E1B /* Assets.xcassets */; };
		09BAB91E293814AE009B2E1B /* LaunchScreen.storyboard in Resources */ = {isa = PBXBuildFile; fileRef = 09BAB91C293814AE009B2E1B /* LaunchScreen.storyboard */; };
		09FA694F295E989800DFA66A /* SibsSDK.xcframework in Frameworks */ = {isa = PBXBuildFile; fileRef = 09FA694E295E989800DFA66A /* SibsSDK.xcframework */; };
/* End PBXBuildFile section */

/* Begin PBXFileReference section */
		09801825295B9E4B0042E49E /* Base */ = {isa = PBXFileReference; lastKnownFileType = file.storyboard; name = Base; path = Base.lproj/LaunchScreen.storyboard; sourceTree = "<group>"; };
		09801826295B9E4B0042E49E /* Base */ = {isa = PBXFileReference; lastKnownFileType = file.storyboard; name = Base; path = Base.lproj/Main.storyboard; sourceTree = "<group>"; };
		0980182C295B9EA10042E49E /* en */ = {isa = PBXFileReference; lastKnownFileType = text.plist.strings; name = en; path = en.lproj/Localizable.strings; sourceTree = "<group>"; };
		09801837295B9F180042E49E /* pl */ = {isa = PBXFileReference; lastKnownFileType = text.plist.strings; name = pl; path = pl.lproj/Localizable.strings; sourceTree = "<group>"; };
		09BAB90E293814AD009B2E1B /* Example App.app */ = {isa = PBXFileReference; explicitFileType = wrapper.application; includeInIndex = 0; path = "Example App.app"; sourceTree = BUILT_PRODUCTS_DIR; };
		09BAB911293814AD009B2E1B /* AppDelegate.swift */ = {isa = PBXFileReference; lastKnownFileType = sourcecode.swift; path = AppDelegate.swift; sourceTree = "<group>"; };
		09BAB913293814AD009B2E1B /* SceneDelegate.swift */ = {isa = PBXFileReference; lastKnownFileType = sourcecode.swift; path = SceneDelegate.swift; sourceTree = "<group>"; };
		09BAB915293814AD009B2E1B /* ViewController.swift */ = {isa = PBXFileReference; lastKnownFileType = sourcecode.swift; path = ViewController.swift; sourceTree = "<group>"; };
		09BAB91A293814AE009B2E1B /* Assets.xcassets */ = {isa = PBXFileReference; lastKnownFileType = folder.assetcatalog; path = Assets.xcassets; sourceTree = "<group>"; };
		09BAB91F293814AE009B2E1B /* Info.plist */ = {isa = PBXFileReference; lastKnownFileType = text.plist.xml; path = Info.plist; sourceTree = "<group>"; };
		09FA694E295E989800DFA66A /* SibsSDK.xcframework */ = {isa = PBXFileReference; lastKnownFileType = wrapper.xcframework; path = SibsSDK.xcframework; sourceTree = "<group>"; };
/* End PBXFileReference section */

/* Begin PBXFrameworksBuildPhase section */
		09BAB90B293814AD009B2E1B /* Frameworks */ = {
			isa = PBXFrameworksBuildPhase;
			buildActionMask = 2147483647;
			files = (
				09FA694F295E989800DFA66A /* SibsSDK.xcframework in Frameworks */,
			);
			runOnlyForDeploymentPostprocessing = 0;
		};
/* End PBXFrameworksBuildPhase section */

/* Begin PBXGroup section */
		090CD5D92942999200B7A3BC /* Frameworks */ = {
			isa = PBXGroup;
			children = (
				09FA694E295E989800DFA66A /* SibsSDK.xcframework */,
			);
			name = Frameworks;
			sourceTree = "<group>";
		};
		0980182E295B9EC50042E49E /* Resources */ = {
			isa = PBXGroup;
			children = (
				0980182F295B9ECF0042E49E /* en */,
				09801830295B9EEA0042E49E /* pl */,
				09BAB91A293814AE009B2E1B /* Assets.xcassets */,
			);
			path = Resources;
			sourceTree = "<group>";
		};
		0980182F295B9ECF0042E49E /* en */ = {
			isa = PBXGroup;
			children = (
				0980182D295B9EA10042E49E /* Localizable.strings */,
			);
			path = en;
			sourceTree = "<group>";
		};
		09801830295B9EEA0042E49E /* pl */ = {
			isa = PBXGroup;
			children = (
				09801835295B9F030042E49E /* Localizable.strings */,
			);
			path = pl;
			sourceTree = "<group>";
		};
		09BAB905293814AD009B2E1B = {
			isa = PBXGroup;
			children = (
				09BAB910293814AD009B2E1B /* Example App */,
				09BAB90F293814AD009B2E1B /* Products */,
				090CD5D92942999200B7A3BC /* Frameworks */,
			);
			sourceTree = "<group>";
		};
		09BAB90F293814AD009B2E1B /* Products */ = {
			isa = PBXGroup;
			children = (
				09BAB90E293814AD009B2E1B /* Example App.app */,
			);
			name = Products;
			sourceTree = "<group>";
		};
		09BAB910293814AD009B2E1B /* Example App */ = {
			isa = PBXGroup;
			children = (
				0980182E295B9EC50042E49E /* Resources */,
				09BAB911293814AD009B2E1B /* AppDelegate.swift */,
				09BAB913293814AD009B2E1B /* SceneDelegate.swift */,
				09BAB915293814AD009B2E1B /* ViewController.swift */,
				09BAB91C293814AE009B2E1B /* LaunchScreen.storyboard */,
				09BAB917293814AD009B2E1B /* Main.storyboard */,
				09BAB91F293814AE009B2E1B /* Info.plist */,
			);
			path = "Example App";
			sourceTree = "<group>";
		};
/* End PBXGroup section */

/* Begin PBXNativeTarget section */
		09BAB90D293814AD009B2E1B /* Example App */ = {
			isa = PBXNativeTarget;
			buildConfigurationList = 09BAB938293814AF009B2E1B /* Build configuration list for PBXNativeTarget "Example App" */;
			buildPhases = (
				09BAB90A293814AD009B2E1B /* Sources */,
				09BAB90B293814AD009B2E1B /* Frameworks */,
				09BAB90C293814AD009B2E1B /* Resources */,
			);
			buildRules = (
			);
			dependencies = (
			);
			name = "Example App";
			productName = "Example App";
			productReference = 09BAB90E293814AD009B2E1B /* Example App.app */;
			productType = "com.apple.product-type.application";
		};
/* End PBXNativeTarget section */

/* Begin PBXProject section */
		09BAB906293814AD009B2E1B /* Project object */ = {
			isa = PBXProject;
			attributes = {
				BuildIndependentTargetsInParallel = 1;
				LastSwiftUpdateCheck = 1410;
				LastUpgradeCheck = 1410;
				TargetAttributes = {
					09BAB90D293814AD009B2E1B = {
						CreatedOnToolsVersion = 14.1;
					};
				};
			};
			buildConfigurationList = 09BAB909293814AD009B2E1B /* Build configuration list for PBXProject "Example App" */;
			compatibilityVersion = "Xcode 14.0";
			developmentRegion = en;
			hasScannedForEncodings = 0;
			knownRegions = (
				en,
				Base,
				pl,
			);
			mainGroup = 09BAB905293814AD009B2E1B;
			productRefGroup = 09BAB90F293814AD009B2E1B /* Products */;
			projectDirPath = "";
			projectRoot = "";
			targets = (
				09BAB90D293814AD009B2E1B /* Example App */,
			);
		};
/* End PBXProject section */

/* Begin PBXResourcesBuildPhase section */
		09BAB90C293814AD009B2E1B /* Resources */ = {
			isa = PBXResourcesBuildPhase;
			buildActionMask = 2147483647;
			files = (
				09BAB91E293814AE009B2E1B /* LaunchScreen.storyboard in Resources */,
				0980182B295B9EA10042E49E /* Localizable.strings in Resources */,
				09801833295B9F030042E49E /* Localizable.strings in Resources */,
				09BAB91B293814AE009B2E1B /* Assets.xcassets in Resources */,
				09BAB919293814AD009B2E1B /* Main.storyboard in Resources */,
			);
			runOnlyForDeploymentPostprocessing = 0;
		};
/* End PBXResourcesBuildPhase section */

/* Begin PBXSourcesBuildPhase section */
		09BAB90A293814AD009B2E1B /* Sources */ = {
			isa = PBXSourcesBuildPhase;
			buildActionMask = 2147483647;
			files = (
				09BAB916293814AD009B2E1B /* ViewController.swift in Sources */,
				09BAB912293814AD009B2E1B /* AppDelegate.swift in Sources */,
				09BAB914293814AD009B2E1B /* SceneDelegate.swift in Sources */,
			);
			runOnlyForDeploymentPostprocessing = 0;
		};
/* End PBXSourcesBuildPhase section */

/* Begin PBXVariantGroup section */
		0980182D295B9EA10042E49E /* Localizable.strings */ = {
			isa = PBXVariantGroup;
			children = (
				0980182C295B9EA10042E49E /* en */,
			);
			name = Localizable.strings;
			sourceTree = "<group>";
		};
		09801835295B9F030042E49E /* Localizable.strings */ = {
			isa = PBXVariantGroup;
			children = (
				09801837295B9F180042E49E /* pl */,
			);
			name = Localizable.strings;
			sourceTree = "<group>";
		};
		09BAB917293814AD009B2E1B /* Main.storyboard */ = {
			isa = PBXVariantGroup;
			children = (
				09801826295B9E4B0042E49E /* Base */,
			);
			name = Main.storyboard;
			sourceTree = "<group>";
		};
		09BAB91C293814AE009B2E1B /* LaunchScreen.storyboard */ = {
			isa = PBXVariantGroup;
			children = (
				09801825295B9E4B0042E49E /* Base */,
			);
			name = LaunchScreen.storyboard;
			sourceTree = "<group>";
		};
/* End PBXVariantGroup section */

/* Begin XCBuildConfiguration section */
		09BAB936293814AF009B2E1B /* Debug */ = {
			isa = XCBuildConfiguration;
			buildSettings = {
				ALWAYS_SEARCH_USER_PATHS = NO;
				CLANG_ANALYZER_LOCALIZABILITY_NONLOCALIZED = YES;
				CLANG_ANALYZER_NONNULL = YES;
				CLANG_ANALYZER_NUMBER_OBJECT_CONVERSION = YES_AGGRESSIVE;
				CLANG_CXX_LANGUAGE_STANDARD = "gnu++20";
				CLANG_ENABLE_MODULES = YES;
				CLANG_ENABLE_OBJC_ARC = YES;
				CLANG_ENABLE_OBJC_WEAK = YES;
				CLANG_WARN_BLOCK_CAPTURE_AUTORELEASING = YES;
				CLANG_WARN_BOOL_CONVERSION = YES;
				CLANG_WARN_COMMA = YES;
				CLANG_WARN_CONSTANT_CONVERSION = YES;
				CLANG_WARN_DEPRECATED_OBJC_IMPLEMENTATIONS = YES;
				CLANG_WARN_DIRECT_OBJC_ISA_USAGE = YES_ERROR;
				CLANG_WARN_DOCUMENTATION_COMMENTS = YES;
				CLANG_WARN_EMPTY_BODY = YES;
				CLANG_WARN_ENUM_CONVERSION = YES;
				CLANG_WARN_INFINITE_RECURSION = YES;
				CLANG_WARN_INT_CONVERSION = YES;
				CLANG_WARN_NON_LITERAL_NULL_CONVERSION = YES;
				CLANG_WARN_OBJC_IMPLICIT_RETAIN_SELF = YES;
				CLANG_WARN_OBJC_LITERAL_CONVERSION = YES;
				CLANG_WARN_OBJC_ROOT_CLASS = YES_ERROR;
				CLANG_WARN_QUOTED_INCLUDE_IN_FRAMEWORK_HEADER = YES;
				CLANG_WARN_RANGE_LOOP_ANALYSIS = YES;
				CLANG_WARN_STRICT_PROTOTYPES = YES;
				CLANG_WARN_SUSPICIOUS_MOVE = YES;
				CLANG_WARN_UNGUARDED_AVAILABILITY = YES_AGGRESSIVE;
				CLANG_WARN_UNREACHABLE_CODE = YES;
				CLANG_WARN__DUPLICATE_METHOD_MATCH = YES;
				COPY_PHASE_STRIP = NO;
				DEBUG_INFORMATION_FORMAT = dwarf;
				ENABLE_STRICT_OBJC_MSGSEND = YES;
				ENABLE_TESTABILITY = YES;
				GCC_C_LANGUAGE_STANDARD = gnu11;
				GCC_DYNAMIC_NO_PIC = NO;
				GCC_NO_COMMON_BLOCKS = YES;
				GCC_OPTIMIZATION_LEVEL = 0;
				GCC_PREPROCESSOR_DEFINITIONS = (
					"DEBUG=1",
					"$(inherited)",
				);
				GCC_WARN_64_TO_32_BIT_CONVERSION = YES;
				GCC_WARN_ABOUT_RETURN_TYPE = YES_ERROR;
				GCC_WARN_UNDECLARED_SELECTOR = YES;
				GCC_WARN_UNINITIALIZED_AUTOS = YES_AGGRESSIVE;
				GCC_WARN_UNUSED_FUNCTION = YES;
				GCC_WARN_UNUSED_VARIABLE = YES;
				INFOPLIST_KEY_LSBackgroundOnly = NO;
				IPHONEOS_DEPLOYMENT_TARGET = 13.0;
				MTL_ENABLE_DEBUG_INFO = INCLUDE_SOURCE;
				MTL_FAST_MATH = YES;
				ONLY_ACTIVE_ARCH = YES;
				SDKROOT = iphoneos;
				SWIFT_ACTIVE_COMPILATION_CONDITIONS = DEBUG;
				SWIFT_OPTIMIZATION_LEVEL = "-Onone";
				SWIFT_VERSION = 5.0;
			};
			name = Debug;
		};
		09BAB937293814AF009B2E1B /* Release */ = {
			isa = XCBuildConfiguration;
			buildSettings = {
				ALWAYS_SEARCH_USER_PATHS = NO;
				CLANG_ANALYZER_LOCALIZABILITY_NONLOCALIZED = YES;
				CLANG_ANALYZER_NONNULL = YES;
				CLANG_ANALYZER_NUMBER_OBJECT_CONVERSION = YES_AGGRESSIVE;
				CLANG_CXX_LANGUAGE_STANDARD = "gnu++20";
				CLANG_ENABLE_MODULES = YES;
				CLANG_ENABLE_OBJC_ARC = YES;
				CLANG_ENABLE_OBJC_WEAK = YES;
				CLANG_WARN_BLOCK_CAPTURE_AUTORELEASING = YES;
				CLANG_WARN_BOOL_CONVERSION = YES;
				CLANG_WARN_COMMA = YES;
				CLANG_WARN_CONSTANT_CONVERSION = YES;
				CLANG_WARN_DEPRECATED_OBJC_IMPLEMENTATIONS = YES;
				CLANG_WARN_DIRECT_OBJC_ISA_USAGE = YES_ERROR;
				CLANG_WARN_DOCUMENTATION_COMMENTS = YES;
				CLANG_WARN_EMPTY_BODY = YES;
				CLANG_WARN_ENUM_CONVERSION = YES;
				CLANG_WARN_INFINITE_RECURSION = YES;
				CLANG_WARN_INT_CONVERSION = YES;
				CLANG_WARN_NON_LITERAL_NULL_CONVERSION = YES;
				CLANG_WARN_OBJC_IMPLICIT_RETAIN_SELF = YES;
				CLANG_WARN_OBJC_LITERAL_CONVERSION = YES;
				CLANG_WARN_OBJC_ROOT_CLASS = YES_ERROR;
				CLANG_WARN_QUOTED_INCLUDE_IN_FRAMEWORK_HEADER = YES;
				CLANG_WARN_RANGE_LOOP_ANALYSIS = YES;
				CLANG_WARN_STRICT_PROTOTYPES = YES;
				CLANG_WARN_SUSPICIOUS_MOVE = YES;
				CLANG_WARN_UNGUARDED_AVAILABILITY = YES_AGGRESSIVE;
				CLANG_WARN_UNREACHABLE_CODE = YES;
				CLANG_WARN__DUPLICATE_METHOD_MATCH = YES;
				COPY_PHASE_STRIP = NO;
				DEBUG_INFORMATION_FORMAT = "dwarf-with-dsym";
				ENABLE_NS_ASSERTIONS = NO;
				ENABLE_STRICT_OBJC_MSGSEND = YES;
				GCC_C_LANGUAGE_STANDARD = gnu11;
				GCC_NO_COMMON_BLOCKS = YES;
				GCC_WARN_64_TO_32_BIT_CONVERSION = YES;
				GCC_WARN_ABOUT_RETURN_TYPE = YES_ERROR;
				GCC_WARN_UNDECLARED_SELECTOR = YES;
				GCC_WARN_UNINITIALIZED_AUTOS = YES_AGGRESSIVE;
				GCC_WARN_UNUSED_FUNCTION = YES;
				GCC_WARN_UNUSED_VARIABLE = YES;
				INFOPLIST_KEY_LSBackgroundOnly = NO;
				IPHONEOS_DEPLOYMENT_TARGET = 13.0;
				MTL_ENABLE_DEBUG_INFO = NO;
				MTL_FAST_MATH = YES;
				SDKROOT = iphoneos;
				SWIFT_COMPILATION_MODE = wholemodule;
				SWIFT_OPTIMIZATION_LEVEL = "-O";
				SWIFT_VERSION = 5.0;
				VALIDATE_PRODUCT = YES;
			};
			name = Release;
		};
		09BAB939293814AF009B2E1B /* Debug */ = {
			isa = XCBuildConfiguration;
			buildSettings = {
				ASSETCATALOG_COMPILER_APPICON_NAME = AppIcon;
				ASSETCATALOG_COMPILER_GLOBAL_ACCENT_COLOR_NAME = AccentColor;
				CODE_SIGN_STYLE = Manual;
				CURRENT_PROJECT_VERSION = 1;
				DEVELOPMENT_TEAM = "";
				GENERATE_INFOPLIST_FILE = YES;
				INFOPLIST_FILE = "Example App/Info.plist";
				INFOPLIST_KEY_CFBundleDisplayName = "Sibs Example App";
				INFOPLIST_KEY_LSBackgroundOnly = YES;
				INFOPLIST_KEY_UIApplicationSupportsIndirectInputEvents = YES;
				INFOPLIST_KEY_UILaunchStoryboardName = LaunchScreen.storyboard;
				INFOPLIST_KEY_UIMainStoryboardFile = Main;
				INFOPLIST_KEY_UISupportedInterfaceOrientations = UIInterfaceOrientationPortrait;
				IPHONEOS_DEPLOYMENT_TARGET = 13.0;
				LD_RUNPATH_SEARCH_PATHS = (
					"$(inherited)",
					"@executable_path/Frameworks",
				);
				MARKETING_VERSION = 1.0;
				PRODUCT_BUNDLE_IDENTIFIER = "ro.sibs.ios.sdk.example-app.Example-App";
				PRODUCT_NAME = "$(TARGET_NAME)";
				PROVISIONING_PROFILE_SPECIFIER = "";
				SUPPORTED_PLATFORMS = "iphoneos iphonesimulator";
				SUPPORTS_MACCATALYST = NO;
				SUPPORTS_MAC_DESIGNED_FOR_IPHONE_IPAD = NO;
				SWIFT_EMIT_LOC_STRINGS = YES;
				SWIFT_VERSION = 5.0;
				TARGETED_DEVICE_FAMILY = "1,2";
			};
			name = Debug;
		};
		09BAB93A293814AF009B2E1B /* Release */ = {
			isa = XCBuildConfiguration;
			buildSettings = {
				ASSETCATALOG_COMPILER_APPICON_NAME = AppIcon;
				ASSETCATALOG_COMPILER_GLOBAL_ACCENT_COLOR_NAME = AccentColor;
				CODE_SIGN_STYLE = Manual;
				CURRENT_PROJECT_VERSION = 1;
				DEVELOPMENT_TEAM = "";
				GENERATE_INFOPLIST_FILE = YES;
				INFOPLIST_FILE = "Example App/Info.plist";
				INFOPLIST_KEY_CFBundleDisplayName = "Sibs Example App";
				INFOPLIST_KEY_LSBackgroundOnly = YES;
				INFOPLIST_KEY_UIApplicationSupportsIndirectInputEvents = YES;
				INFOPLIST_KEY_UILaunchStoryboardName = LaunchScreen.storyboard;
				INFOPLIST_KEY_UIMainStoryboardFile = Main;
				INFOPLIST_KEY_UISupportedInterfaceOrientations = UIInterfaceOrientationPortrait;
				IPHONEOS_DEPLOYMENT_TARGET = 13.0;
				LD_RUNPATH_SEARCH_PATHS = (
					"$(inherited)",
					"@executable_path/Frameworks",
				);
				MARKETING_VERSION = 1.0;
				PRODUCT_BUNDLE_IDENTIFIER = "ro.sibs.ios.sdk.example-app.Example-App";
				PRODUCT_NAME = "$(TARGET_NAME)";
				PROVISIONING_PROFILE_SPECIFIER = "";
				SUPPORTED_PLATFORMS = "iphoneos iphonesimulator";
				SUPPORTS_MACCATALYST = NO;
				SUPPORTS_MAC_DESIGNED_FOR_IPHONE_IPAD = NO;
				SWIFT_EMIT_LOC_STRINGS = YES;
				SWIFT_VERSION = 5.0;
				TARGETED_DEVICE_FAMILY = "1,2";
			};
			name = Release;
		};
/* End XCBuildConfiguration section */

/* Begin XCConfigurationList section */
		09BAB909293814AD009B2E1B /* Build configuration list for PBXProject "Example App" */ = {
			isa = XCConfigurationList;
			buildConfigurations = (
				09BAB936293814AF009B2E1B /* Debug */,
				09BAB937293814AF009B2E1B /* Release */,
			);
			defaultConfigurationIsVisible = 0;
			defaultConfigurationName = Release;
		};
		09BAB938293814AF009B2E1B /* Build configuration list for PBXNativeTarget "Example App" */ = {
			isa = XCConfigurationList;
			buildConfigurations = (
				09BAB939293814AF009B2E1B /* Debug */,
				09BAB93A293814AF009B2E1B /* Release */,
			);
			defaultConfigurationIsVisible = 0;
			defaultConfigurationName = Release;
		};
/* End XCConfigurationList section */
	};
	rootObject = 09BAB906293814AD009B2E1B /* Project object */;
}
